
Microsoft Visual Studio Solution File, Format Version 12.00
# Visual Studio 15
VisualStudioVersion = 15.0.27703.2035
MinimumVisualStudioVersion = 10.0.40219.1
Project("{FAE04EC0-301F-11D3-BF4B-00C04F79EFBC}") = "OceanEcoModel", "OceanEcoModel\OceanEcoModel.csproj", "{1073160E-15A3-4AD1-933C-B5C606DACEE5}"
EndProject
Global
	GlobalSection(SolutionConfigurationPlatforms) = preSolution
		Debug|Any CPU = Debug|Any CPU
		Release|Any CPU = Release|Any CPU
	EndGlobalSection
	GlobalSection(ProjectConfigurationPlatforms) = postSolution
		{1073160E-15A3-4AD1-933C-B5C606DACEE5}.Debug|Any CPU.ActiveCfg = Debug|Any CPU
		{1073160E-15A3-4AD1-933C-B5C606DACEE5}.Debug|Any CPU.Build.0 = Debug|Any CPU
		{1073160E-15A3-4AD1-933C-B5C606DACEE5}.Release|Any CPU.ActiveCfg = Release|Any CPU
		{1073160E-15A3-4AD1-933C-B5C606DACEE5}.Release|Any CPU.Build.0 = Release|Any CPU
	EndGlobalSection
	GlobalSection(SolutionProperties) = preSolution
		HideSolutionNode = FALSE
	EndGlobalSection
	GlobalSection(ExtensibilityGlobals) = postSolution
		SolutionGuid = {78C9B766-EB5E-4B20-87BA-4D388769B3B8}
	EndGlobalSection
EndGlobal
